
Microsoft Visual Studio Solution File, Format Version 12.00
# Visual Studio Version 17
VisualStudioVersion = 17.14.36603.0
MinimumVisualStudioVersion = 10.0.40219.1
Project("{FAE04EC0-301F-11D3-BF4B-00C04F79EFBC}") = "StudentInfoLoginRoles", "StudentInfoLoginRoles.csproj", "{1B71CE44-8811-4265-AB8F-C62F6B1B7560}"
EndProject
Global
	GlobalSection(SolutionConfigurationPlatforms) = preSolution
		Debug|Any CPU = Debug|Any CPU
		Release|Any CPU = Release|Any CPU
	EndGlobalSection
	GlobalSection(ProjectConfigurationPlatforms) = postSolution
		{1B71CE44-8811-4265-AB8F-C62F6B1B7560}.Debug|Any CPU.ActiveCfg = Debug|Any CPU
		{1B71CE44-8811-4265-AB8F-C62F6B1B7560}.Debug|Any CPU.Build.0 = Debug|Any CPU
		{1B71CE44-8811-4265-AB8F-C62F6B1B7560}.Release|Any CPU.ActiveCfg = Release|Any CPU
		{1B71CE44-8811-4265-AB8F-C62F6B1B7560}.Release|Any CPU.Build.0 = Release|Any CPU
	EndGlobalSection
	GlobalSection(SolutionProperties) = preSolution
		HideSolutionNode = FALSE
	EndGlobalSection
	GlobalSection(ExtensibilityGlobals) = postSolution
		SolutionGuid = {C9C6681E-9831-41C9-8A55-348B37C8D712}
	EndGlobalSection
EndGlobal
